# THIS IS AN AUTOGENERATED FILE. DO NOT EDIT THIS FILE DIRECTLY.
# yarn lockfile v1


"@lamdera/compiler-darwin-arm64@0.19.1-1.3.2":
  version "0.19.1-1.3.2"
  resolved "https://registry.yarnpkg.com/@lamdera/compiler-darwin-arm64/-/compiler-darwin-arm64-0.19.1-1.3.2.tgz#627c5ab0421064a86f0614f899660da2b3d93f1a"
  integrity sha512-O2AJi3RMuh7V562bSfS0A/xVify1Y26oATAPbkZZRTZ78AIUrOHWYPEpxnE3GnUODMosTDZ52Svt4uh+YaydYg==

"@lamdera/compiler-darwin-x64@0.19.1-1.3.2":
  version "0.19.1-1.3.2"
  resolved "https://registry.yarnpkg.com/@lamdera/compiler-darwin-x64/-/compiler-darwin-x64-0.19.1-1.3.2.tgz#1f91215a13a7021ab746e59b112a31e831956398"
  integrity sha512-/IKfkWdlp3N5tg6KgOQBeRWnfZTHTgN9PEreRI8xrq/wr7PIE7uvku4iRaoTXgiXsJAldqeWEdK8g+Pw0zbU6Q==

"@lamdera/compiler-linux-arm64@0.19.1-1.3.2":
  version "0.19.1-1.3.2"
  resolved "https://registry.yarnpkg.com/@lamdera/compiler-linux-arm64/-/compiler-linux-arm64-0.19.1-1.3.2.tgz#41761e241221fe819ccea33a2f99c88dea146fb3"
  integrity sha512-/Jxt6zTxswvG2uzVaEy+3LbuDYcvN6BtzF5GXKVKr3A/tmpUu7UsltFoaHhQppzFbhS6bvnfSiRpIz35zeupDQ==

"@lamdera/compiler-linux-x64@0.19.1-1.3.2":
  version "0.19.1-1.3.2"
  resolved "https://registry.yarnpkg.com/@lamdera/compiler-linux-x64/-/compiler-linux-x64-0.19.1-1.3.2.tgz#1d914fcb7b049148e5623564bd7720fbf937bc8a"
  integrity sha512-XezqJGzuu80ciTCnEasAwu+g/GJyTrk5R9NTvm456IqxpfQwxIqZUis6vAF1oMpeVvzUZ8phJZWaHoqS6hyk8A==

"@lamdera/compiler-win32-x64@0.19.1-1.3.2":
  version "0.19.1-1.3.2"
  resolved "https://registry.yarnpkg.com/@lamdera/compiler-win32-x64/-/compiler-win32-x64-0.19.1-1.3.2.tgz#7a09845a1f54ebfc263133b7a2cea9723ae295fb"
  integrity sha512-t/J3H3U6AZxAvdfB3XiH9ABcDSaNFoHF8tx2UKlgvn0yTV6azxrZanpsrmijDvdr038ktlVw7WFkiclxSST8CQ==

lamdera@^0.19.1-1.3.2:
  version "0.19.1-1.3.2"
  resolved "https://registry.yarnpkg.com/lamdera/-/lamdera-0.19.1-1.3.2.tgz#5967947cca2bf81ce84cabf3e612a110c2f71320"
  integrity sha512-0uCCfyKXNYdWcOwoztIXcPBh7mPZJWmDZ16rDCxrZbgqXdJ8AU7tg/P5W5oFgbUaTGXGfPi/GZk01tTyn/ugMg==
  optionalDependencies:
    "@lamdera/compiler-darwin-arm64" "0.19.1-1.3.2"
    "@lamdera/compiler-darwin-x64" "0.19.1-1.3.2"
    "@lamdera/compiler-linux-arm64" "0.19.1-1.3.2"
    "@lamdera/compiler-linux-x64" "0.19.1-1.3.2"
    "@lamdera/compiler-win32-x64" "0.19.1-1.3.2"
